
Microsoft Visual Studio Solution File, Format Version 12.00
# Visual Studio 15
VisualStudioVersion = 15.0.26228.4
MinimumVisualStudioVersion = 10.0.40219.1
Project("{FAE04EC0-301F-11D3-BF4B-00C04F79EFBC}") = "WCFClient", "WindowsFormsApp1\WCFClient.csproj", "{876CE515-301C-4AE9-9652-9C268FDDD532}"
	ProjectSection(ProjectDependencies) = postProject
		{EF08CCD1-97E3-402F-959A-951E53A697B2} = {EF08CCD1-97E3-402F-959A-951E53A697B2}
	EndProjectSection
EndProject
Project("{FAE04EC0-301F-11D3-BF4B-00C04F79EFBC}") = "MathServer", "MathServer\MathServer.csproj", "{EF08CCD1-97E3-402F-959A-951E53A697B2}"
EndProject
Global
	GlobalSection(SolutionConfigurationPlatforms) = preSolution
		Debug|Any CPU = Debug|Any CPU
		Release|Any CPU = Release|Any CPU
	EndGlobalSection
	GlobalSection(ProjectConfigurationPlatforms) = postSolution
		{876CE515-301C-4AE9-9652-9C268FDDD532}.Debug|Any CPU.ActiveCfg = Debug|Any CPU
		{876CE515-301C-4AE9-9652-9C268FDDD532}.Debug|Any CPU.Build.0 = Debug|Any CPU
		{876CE515-301C-4AE9-9652-9C268FDDD532}.Release|Any CPU.ActiveCfg = Release|Any CPU
		{876CE515-301C-4AE9-9652-9C268FDDD532}.Release|Any CPU.Build.0 = Release|Any CPU
		{EF08CCD1-97E3-402F-959A-951E53A697B2}.Debug|Any CPU.ActiveCfg = Debug|Any CPU
		{EF08CCD1-97E3-402F-959A-951E53A697B2}.Debug|Any CPU.Build.0 = Debug|Any CPU
		{EF08CCD1-97E3-402F-959A-951E53A697B2}.Release|Any CPU.ActiveCfg = Release|Any CPU
		{EF08CCD1-97E3-402F-959A-951E53A697B2}.Release|Any CPU.Build.0 = Release|Any CPU
	EndGlobalSection
	GlobalSection(SolutionProperties) = preSolution
		HideSolutionNode = FALSE
	EndGlobalSection
EndGlobal
